github.com/fatih/structs v1.1.0 h1:Q7juDM0QtcnhCpeyLGQKyg4TOIghuNXrkL32pHAUMxo=
github.com/fatih/structs v1.1.0/go.mod h1:9NiDSp5zOcgEDl+j00MP/WkGVPOlPRLejGD8Ga6PJ7M=
github.com/joho/godotenv v1.4.0 h1:3l4+N6zfMWnkbPEXKng2o2/MR5mSwTrBih4ZEkkz1lg=
github.com/joho/godotenv v1.4.0/go.mod h1:f4LDr5Voq0i2e/R5DDNOoa2zzDfwtkZa6DnEwAbqwq4=
github.com/suzuki-shunsuke/go-ci-env/v3 v3.0.0 h1:DoYPwXHqvWDcU4zB4d81ed1q1MsYrsknTco5qP3+ivM=
github.com/suzuki-shunsuke/go-ci-env/v3 v3.0.0/go.mod h1:VmLj5u0w7Yf/IJIzZ+TWiB7mVT3pRKPMeb0Jssk7YsA=
github.com/suzuki-shunsuke/go-ci-env/v3 v3.0.1 h1:deCm9of48iwRq0Axg3ne8mx/26h3ok9QSipt3kdM6U0=
github.com/suzuki-shunsuke/go-ci-env/v3 v3.0.1/go.mod h1:VmLj5u0w7Yf/IJIzZ+TWiB7mVT3pRKPMeb0Jssk7YsA=
